
Microsoft Visual Studio Solution File, Format Version 12.00
# Visual Studio 15
VisualStudioVersion = 15.0.27130.2026
MinimumVisualStudioVersion = 10.0.40219.1
Project("{FAE04EC0-301F-11D3-BF4B-00C04F79EFBC}") = "FirstUseDataContent", "FirstUseDataContent\FirstUseDataContent.csproj", "{BF79F7ED-3347-408C-913F-AC04C3A1CA25}"
EndProject
Global
	GlobalSection(SolutionConfigurationPlatforms) = preSolution
		Debug|Any CPU = Debug|Any CPU
		Release|Any CPU = Release|Any CPU
	EndGlobalSection
	GlobalSection(ProjectConfigurationPlatforms) = postSolution
		{BF79F7ED-3347-408C-913F-AC04C3A1CA25}.Debug|Any CPU.ActiveCfg = Debug|Any CPU
		{BF79F7ED-3347-408C-913F-AC04C3A1CA25}.Debug|Any CPU.Build.0 = Debug|Any CPU
		{BF79F7ED-3347-408C-913F-AC04C3A1CA25}.Release|Any CPU.ActiveCfg = Release|Any CPU
		{BF79F7ED-3347-408C-913F-AC04C3A1CA25}.Release|Any CPU.Build.0 = Release|Any CPU
	EndGlobalSection
	GlobalSection(SolutionProperties) = preSolution
		HideSolutionNode = FALSE
	EndGlobalSection
	GlobalSection(ExtensibilityGlobals) = postSolution
		SolutionGuid = {085DCC92-2629-48CA-85C5-04FACE15E03F}
	EndGlobalSection
EndGlobal
